// !$*UTF8*$!
{
	archiveVersion = 1;
	classes = {
	};
	objectVersion = 56;
	objects = {

/* Begin PBXBuildFile section */
		010000000000000000000001 /* DigibuddyHelpersApp.swift in Sources */ = {isa = PBXBuildFile; fileRef = 020000000000000000000001 /* DigibuddyHelpersApp.swift */; };
		010000000000000000000002 /* ComposeView.swift in Sources */ = {isa = PBXBuildFile; fileRef = 020000000000000000000002 /* ComposeView.swift */; };
		010000000000000000000003 /* DigibuddyHelpersLogo.png in Resources */ = {isa = PBXBuildFile; fileRef = 020000000000000000000004 /* DigibuddyHelpersLogo.png */; };
/* End PBXBuildFile section */

/* Begin PBXFileReference section */
		020000000000000000000001 /* DigibuddyHelpersApp.swift */ = {isa = PBXFileReference; lastKnownFileType = sourcecode.swift; path = DigibuddyHelpersApp.swift; sourceTree = "<group>"; };
		020000000000000000000002 /* ComposeView.swift */ = {isa = PBXFileReference; lastKnownFileType = sourcecode.swift; path = ComposeView.swift; sourceTree = "<group>"; };
		020000000000000000000003 /* Info.plist */ = {isa = PBXFileReference; lastKnownFileType = text.plist.xml; path = Info.plist; sourceTree = "<group>"; };
		020000000000000000000004 /* DigibuddyHelpersLogo.png */ = {isa = PBXFileReference; lastKnownFileType = image.png; path = DigibuddyHelpersLogo.png; sourceTree = "<group>"; };
		020000000000000000000005 /* BundleIdentifiers.xcconfig */ = {isa = PBXFileReference; lastKnownFileType = text.xcconfig; path = BundleIdentifiers.xcconfig; sourceTree = "<group>"; };
		020000000000000000000006 /* DigibuddyHelpers.app */ = {isa = PBXFileReference; explicitFileType = wrapper.application; includeInIndex = 0; path = DigibuddyHelpers.app; sourceTree = BUILT_PRODUCTS_DIR; };
/* End PBXFileReference section */

/* Begin PBXFrameworksBuildPhase section */
		030000000000000000000001 /* Frameworks */ = {
			isa = PBXFrameworksBuildPhase;
			buildActionMask = 2147483647;
			files = (
			);
			runOnlyForDeploymentPostprocessing = 0;
		};
/* End PBXFrameworksBuildPhase section */

/* Begin PBXGroup section */
		040000000000000000000001 = {
			isa = PBXGroup;
			children = (
				040000000000000000000002 /* Digibuddy */,
				040000000000000000000003 /* Configuration */,
				040000000000000000000004 /* Products */,
			);
			sourceTree = "<group>";
		};
		040000000000000000000002 /* Digibuddy */ = {
			isa = PBXGroup;
			children = (
				020000000000000000000001 /* DigibuddyHelpersApp.swift */,
				020000000000000000000002 /* ComposeView.swift */,
				020000000000000000000003 /* Info.plist */,
				020000000000000000000004 /* DigibuddyHelpersLogo.png */,
			);
			path = DigibuddyHelpers;
			sourceTree = "<group>";
		};
		040000000000000000000003 /* Configuration */ = {
			isa = PBXGroup;
			children = (
				020000000000000000000005 /* BundleIdentifiers.xcconfig */,
			);
			path = Configuration;
			sourceTree = "<group>";
		};
		040000000000000000000004 /* Products */ = {
			isa = PBXGroup;
			children = (
				020000000000000000000006 /* DigibuddyHelpers.app */,
			);
			name = Products;
			sourceTree = "<group>";
		};
/* End PBXGroup section */

/* Begin PBXNativeTarget section */
		050000000000000000000001 /* Digibuddy */ = {
			isa = PBXNativeTarget;
			buildConfigurationList = 0A0000000000000000000002 /* Build configuration list for PBXNativeTarget "DigibuddyHelpers" */;
			buildPhases = (
				060000000000000000000001 /* Build Kotlin framework */,
				070000000000000000000001 /* Sources */,
				030000000000000000000001 /* Frameworks */,
				080000000000000000000001 /* Resources */,
			);
			buildRules = (
			);
			dependencies = (
			);
			name = DigibuddyHelpers;
			productName = DigibuddyHelpers;
			productReference = 020000000000000000000006 /* DigibuddyHelpers.app */;
			productType = "com.apple.product-type.application";
		};
/* End PBXNativeTarget section */

/* Begin PBXProject section */
		090000000000000000000001 /* Project object */ = {
			isa = PBXProject;
			attributes = {
				BuildIndependentTargetsInParallel = 1;
				LastSwiftUpdateCheck = 2600;
				LastUpgradeCheck = 2600;
				TargetAttributes = {
					050000000000000000000001 = {
						CreatedOnToolsVersion = 26.0;
					};
				};
			};
			buildConfigurationList = 0A0000000000000000000001 /* Build configuration list for PBXProject "DigibuddyHelpers" */;
			compatibilityVersion = "Xcode 14.0";
			developmentRegion = en;
			hasScannedForEncodings = 0;
			knownRegions = (
				en,
				Base,
			);
			mainGroup = 040000000000000000000001;
			productRefGroup = 040000000000000000000004 /* Products */;
			projectDirPath = "";
			projectRoot = "";
			targets = (
				050000000000000000000001 /* Digibuddy */,
			);
		};
/* End PBXProject section */

/* Begin PBXResourcesBuildPhase section */
		080000000000000000000001 /* Resources */ = {
			isa = PBXResourcesBuildPhase;
			buildActionMask = 2147483647;
			files = (
				010000000000000000000003 /* DigibuddyHelpersLogo.png in Resources */,
			);
			runOnlyForDeploymentPostprocessing = 0;
		};
/* End PBXResourcesBuildPhase section */

/* Begin PBXShellScriptBuildPhase section */
		060000000000000000000001 /* Build Kotlin framework */ = {
			isa = PBXShellScriptBuildPhase;
			alwaysOutOfDate = 1;
			buildActionMask = 2147483647;
			files = (
			);
			inputFileListPaths = (
			);
			inputPaths = (
			);
			name = "Build Kotlin framework";
			outputFileListPaths = (
			);
			outputPaths = (
			);
			runOnlyForDeploymentPostprocessing = 0;
			shellPath = /bin/sh;
			shellScript = "cd \"$SRCROOT/../../..\"\n./gradlew :apps:helpers:embedAndSignAppleFrameworkForXcode\n";
		};
/* End PBXShellScriptBuildPhase section */

/* Begin PBXSourcesBuildPhase section */
		070000000000000000000001 /* Sources */ = {
			isa = PBXSourcesBuildPhase;
			buildActionMask = 2147483647;
			files = (
				010000000000000000000001 /* DigibuddyHelpersApp.swift in Sources */,
				010000000000000000000002 /* ComposeView.swift in Sources */,
			);
			runOnlyForDeploymentPostprocessing = 0;
		};
/* End PBXSourcesBuildPhase section */

/* Begin XCBuildConfiguration section */
		0B0000000000000000000001 /* Debug */ = {
			isa = XCBuildConfiguration;
			buildSettings = {
				CLANG_ENABLE_MODULES = YES;
				ENABLE_STRICT_OBJC_MSGSEND = YES;
				GCC_C_LANGUAGE_STANDARD = gnu17;
				SWIFT_VERSION = 5.0;
			};
			name = Debug;
		};
		0B0000000000000000000002 /* Release */ = {
			isa = XCBuildConfiguration;
			buildSettings = {
				CLANG_ENABLE_MODULES = YES;
				ENABLE_STRICT_OBJC_MSGSEND = YES;
				GCC_C_LANGUAGE_STANDARD = gnu17;
				SWIFT_COMPILATION_MODE = wholemodule;
				SWIFT_VERSION = 5.0;
			};
			name = Release;
		};
		0B0000000000000000000003 /* Debug */ = {
			isa = XCBuildConfiguration;
			baseConfigurationReference = 020000000000000000000005 /* BundleIdentifiers.xcconfig */;
			buildSettings = {
				CODE_SIGN_STYLE = Automatic;
				CURRENT_PROJECT_VERSION = 1;
				DEVELOPMENT_TEAM = "";
				ENABLE_PREVIEWS = YES;
				ENABLE_USER_SCRIPT_SANDBOXING = NO;
				FRAMEWORK_SEARCH_PATHS = "$(inherited) $(SRCROOT)/../build/xcode-frameworks/$(CONFIGURATION)/$(SDK_NAME)";
				INFOPLIST_FILE = DigibuddyHelpers/Info.plist;
				IPHONEOS_DEPLOYMENT_TARGET = 17.0;
				LD_RUNPATH_SEARCH_PATHS = "$(inherited) @executable_path/Frameworks";
				MARKETING_VERSION = 0.1.0;
				OTHER_LDFLAGS = "$(inherited) -framework DigibuddyHelpers";
				PRODUCT_NAME = DigibuddyHelpers;
				SUPPORTED_PLATFORMS = "iphoneos iphonesimulator";
				SUPPORTS_MACCATALYST = NO;
				SWIFT_EMIT_LOC_STRINGS = YES;
				TARGETED_DEVICE_FAMILY = "1,2";
			};
			name = Debug;
		};
		0B0000000000000000000004 /* Release */ = {
			isa = XCBuildConfiguration;
			baseConfigurationReference = 020000000000000000000005 /* BundleIdentifiers.xcconfig */;
			buildSettings = {
				CODE_SIGN_STYLE = Automatic;
				CURRENT_PROJECT_VERSION = 1;
				DEVELOPMENT_TEAM = "";
				ENABLE_USER_SCRIPT_SANDBOXING = NO;
				FRAMEWORK_SEARCH_PATHS = "$(inherited) $(SRCROOT)/../build/xcode-frameworks/$(CONFIGURATION)/$(SDK_NAME)";
				INFOPLIST_FILE = DigibuddyHelpers/Info.plist;
				IPHONEOS_DEPLOYMENT_TARGET = 17.0;
				LD_RUNPATH_SEARCH_PATHS = "$(inherited) @executable_path/Frameworks";
				MARKETING_VERSION = 0.1.0;
				OTHER_LDFLAGS = "$(inherited) -framework DigibuddyHelpers";
				PRODUCT_NAME = DigibuddyHelpers;
				SUPPORTED_PLATFORMS = "iphoneos iphonesimulator";
				SUPPORTS_MACCATALYST = NO;
				SWIFT_EMIT_LOC_STRINGS = YES;
				TARGETED_DEVICE_FAMILY = "1,2";
			};
			name = Release;
		};
/* End XCBuildConfiguration section */

/* Begin XCConfigurationList section */
		0A0000000000000000000001 /* Build configuration list for PBXProject "DigibuddyHelpers" */ = {
			isa = XCConfigurationList;
			buildConfigurations = (
				0B0000000000000000000001 /* Debug */,
				0B0000000000000000000002 /* Release */,
			);
			defaultConfigurationIsVisible = 0;
			defaultConfigurationName = Release;
		};
		0A0000000000000000000002 /* Build configuration list for PBXNativeTarget "DigibuddyHelpers" */ = {
			isa = XCConfigurationList;
			buildConfigurations = (
				0B0000000000000000000003 /* Debug */,
				0B0000000000000000000004 /* Release */,
			);
			defaultConfigurationIsVisible = 0;
			defaultConfigurationName = Release;
		};
/* End XCConfigurationList section */
	};
	rootObject = 090000000000000000000001 /* Project object */;
}
